// !$*UTF8*$!
{
	archiveVersion = 1;
	classes = {
	};
	objectVersion = 46;
	objects = {

/* Begin PBXBuildFile section */
		D5B7B7941A3AC2070089D95C /* AppDelegate.swift in Sources */ = {isa = PBXBuildFile; fileRef = D5B7B7931A3AC2070089D95C /* AppDelegate.swift */; };
		D5B7B7971A3AC2070089D95C /* TableViews.xcdatamodeld in Sources */ = {isa = PBXBuildFile; fileRef = D5B7B7951A3AC2070089D95C /* TableViews.xcdatamodeld */; };
		D5B7B79C1A3AC2070089D95C /* Main.storyboard in Resources */ = {isa = PBXBuildFile; fileRef = D5B7B79A1A3AC2070089D95C /* Main.storyboard */; };
		D5B7B79E1A3AC2070089D95C /* Images.xcassets in Resources */ = {isa = PBXBuildFile; fileRef = D5B7B79D1A3AC2070089D95C /* Images.xcassets */; };
		D5B7B7A11A3AC2070089D95C /* LaunchScreen.xib in Resources */ = {isa = PBXBuildFile; fileRef = D5B7B79F1A3AC2070089D95C /* LaunchScreen.xib */; };
		D5B7B7AD1A3AC2070089D95C /* TableViewsTests.swift in Sources */ = {isa = PBXBuildFile; fileRef = D5B7B7AC1A3AC2070089D95C /* TableViewsTests.swift */; };
		D5B7B7B71A3AC4810089D95C /* TableViewController.swift in Sources */ = {isa = PBXBuildFile; fileRef = D5B7B7B61A3AC4810089D95C /* TableViewController.swift */; };
		D5B7B7B91A3ACD730089D95C /* TableViewDetailsViewController.swift in Sources */ = {isa = PBXBuildFile; fileRef = D5B7B7B81A3ACD730089D95C /* TableViewDetailsViewController.swift */; };
/* End PBXBuildFile section */

/* Begin PBXContainerItemProxy section */
		D5B7B7A71A3AC2070089D95C /* PBXContainerItemProxy */ = {
			isa = PBXContainerItemProxy;
			containerPortal = D5B7B7861A3AC2070089D95C /* Project object */;
			proxyType = 1;
			remoteGlobalIDString = D5B7B78D1A3AC2070089D95C;
			remoteInfo = TableViews;
		};
/* End PBXContainerItemProxy section */

/* Begin PBXFileReference section */
		D5B7B78E1A3AC2070089D95C /* TableViews.app */ = {isa = PBXFileReference; explicitFileType = wrapper.application; includeInIndex = 0; path = TableViews.app; sourceTree = BUILT_PRODUCTS_DIR; };
		D5B7B7921A3AC2070089D95C /* Info.plist */ = {isa = PBXFileReference; lastKnownFileType = text.plist.xml; path = Info.plist; sourceTree = "<group>"; };
		D5B7B7931A3AC2070089D95C /* AppDelegate.swift */ = {isa = PBXFileReference; lastKnownFileType = sourcecode.swift; path = AppDelegate.swift; sourceTree = "<group>"; };
		D5B7B7961A3AC2070089D95C /* TableViews.xcdatamodel */ = {isa = PBXFileReference; lastKnownFileType = wrapper.xcdatamodel; path = TableViews.xcdatamodel; sourceTree = "<group>"; };
		D5B7B79B1A3AC2070089D95C /* Base */ = {isa = PBXFileReference; lastKnownFileType = file.storyboard; name = Base; path = Base.lproj/Main.storyboard; sourceTree = "<group>"; };
		D5B7B79D1A3AC2070089D95C /* Images.xcassets */ = {isa = PBXFileReference; lastKnownFileType = folder.assetcatalog; path = Images.xcassets; sourceTree = "<group>"; };
		D5B7B7A01A3AC2070089D95C /* Base */ = {isa = PBXFileReference; lastKnownFileType = file.xib; name = Base; path = Base.lproj/LaunchScreen.xib; sourceTree = "<group>"; };
		D5B7B7A61A3AC2070089D95C /* TableViewsTests.xctest */ = {isa = PBXFileReference; explicitFileType = wrapper.cfbundle; includeInIndex = 0; path = TableViewsTests.xctest; sourceTree = BUILT_PRODUCTS_DIR; };
		D5B7B7AB1A3AC2070089D95C /* Info.plist */ = {isa = PBXFileReference; lastKnownFileType = text.plist.xml; path = Info.plist; sourceTree = "<group>"; };
		D5B7B7AC1A3AC2070089D95C /* TableViewsTests.swift */ = {isa = PBXFileReference; lastKnownFileType = sourcecode.swift; path = TableViewsTests.swift; sourceTree = "<group>"; };
		D5B7B7B61A3AC4810089D95C /* TableViewController.swift */ = {isa = PBXFileReference; fileEncoding = 4; lastKnownFileType = sourcecode.swift; name = TableViewController.swift; path = ../TableViewController.swift; sourceTree = "<group>"; };
		D5B7B7B81A3ACD730089D95C /* TableViewDetailsViewController.swift */ = {isa = PBXFileReference; fileEncoding = 4; lastKnownFileType = sourcecode.swift; path = TableViewDetailsViewController.swift; sourceTree = "<group>"; };
/* End PBXFileReference section */

/* Begin PBXFrameworksBuildPhase section */
		D5B7B78B1A3AC2070089D95C /* Frameworks */ = {
			isa = PBXFrameworksBuildPhase;
			buildActionMask = 2147483647;
			files = (
			);
			runOnlyForDeploymentPostprocessing = 0;
		};
		D5B7B7A31A3AC2070089D95C /* Frameworks */ = {
			isa = PBXFrameworksBuildPhase;
			buildActionMask = 2147483647;
			files = (
			);
			runOnlyForDeploymentPostprocessing = 0;
		};
/* End PBXFrameworksBuildPhase section */

/* Begin PBXGroup section */
		D5B7B7851A3AC2070089D95C = {
			isa = PBXGroup;
			children = (
				D5B7B7901A3AC2070089D95C /* TableViews */,
				D5B7B7A91A3AC2070089D95C /* TableViewsTests */,
				D5B7B78F1A3AC2070089D95C /* Products */,
			);
			sourceTree = "<group>";
		};
		D5B7B78F1A3AC2070089D95C /* Products */ = {
			isa = PBXGroup;
			children = (
				D5B7B78E1A3AC2070089D95C /* TableViews.app */,
				D5B7B7A61A3AC2070089D95C /* TableViewsTests.xctest */,
			);
			name = Products;
			sourceTree = "<group>";
		};
		D5B7B7901A3AC2070089D95C /* TableViews */ = {
			isa = PBXGroup;
			children = (
				D5B7B7B61A3AC4810089D95C /* TableViewController.swift */,
				D5B7B7931A3AC2070089D95C /* AppDelegate.swift */,
				D5B7B79D1A3AC2070089D95C /* Images.xcassets */,
				D5B7B79F1A3AC2070089D95C /* LaunchScreen.xib */,
				D5B7B79A1A3AC2070089D95C /* Main.storyboard */,
				D5B7B7911A3AC2070089D95C /* Supporting Files */,
				D5B7B7B81A3ACD730089D95C /* TableViewDetailsViewController.swift */,
				D5B7B7951A3AC2070089D95C /* TableViews.xcdatamodeld */,
			);
			path = TableViews;
			sourceTree = "<group>";
		};
		D5B7B7911A3AC2070089D95C /* Supporting Files */ = {
			isa = PBXGroup;
			children = (
				D5B7B7921A3AC2070089D95C /* Info.plist */,
			);
			name = "Supporting Files";
			sourceTree = "<group>";
		};
		D5B7B7A91A3AC2070089D95C /* TableViewsTests */ = {
			isa = PBXGroup;
			children = (
				D5B7B7AC1A3AC2070089D95C /* TableViewsTests.swift */,
				D5B7B7AA1A3AC2070089D95C /* Supporting Files */,
			);
			path = TableViewsTests;
			sourceTree = "<group>";
		};
		D5B7B7AA1A3AC2070089D95C /* Supporting Files */ = {
			isa = PBXGroup;
			children = (
				D5B7B7AB1A3AC2070089D95C /* Info.plist */,
			);
			name = "Supporting Files";
			sourceTree = "<group>";
		};
/* End PBXGroup section */

/* Begin PBXNativeTarget section */
		D5B7B78D1A3AC2070089D95C /* TableViews */ = {
			isa = PBXNativeTarget;
			buildConfigurationList = D5B7B7B01A3AC2070089D95C /* Build configuration list for PBXNativeTarget "TableViews" */;
			buildPhases = (
				D5B7B78A1A3AC2070089D95C /* Sources */,
				D5B7B78B1A3AC2070089D95C /* Frameworks */,
				D5B7B78C1A3AC2070089D95C /* Resources */,
			);
			buildRules = (
			);
			dependencies = (
			);
			name = TableViews;
			productName = TableViews;
			productReference = D5B7B78E1A3AC2070089D95C /* TableViews.app */;
			productType = "com.apple.product-type.application";
		};
		D5B7B7A51A3AC2070089D95C /* TableViewsTests */ = {
			isa = PBXNativeTarget;
			buildConfigurationList = D5B7B7B31A3AC2070089D95C /* Build configuration list for PBXNativeTarget "TableViewsTests" */;
			buildPhases = (
				D5B7B7A21A3AC2070089D95C /* Sources */,
				D5B7B7A31A3AC2070089D95C /* Frameworks */,
				D5B7B7A41A3AC2070089D95C /* Resources */,
			);
			buildRules = (
			);
			dependencies = (
				D5B7B7A81A3AC2070089D95C /* PBXTargetDependency */,
			);
			name = TableViewsTests;
			productName = TableViewsTests;
			productReference = D5B7B7A61A3AC2070089D95C /* TableViewsTests.xctest */;
			productType = "com.apple.product-type.bundle.unit-test";
		};
/* End PBXNativeTarget section */

/* Begin PBXProject section */
		D5B7B7861A3AC2070089D95C /* Project object */ = {
			isa = PBXProject;
			attributes = {
				LastUpgradeCheck = 0610;
				ORGANIZATIONNAME = "Cloudyun Limited";
				TargetAttributes = {
					D5B7B78D1A3AC2070089D95C = {
						CreatedOnToolsVersion = 6.1.1;
					};
					D5B7B7A51A3AC2070089D95C = {
						CreatedOnToolsVersion = 6.1.1;
						TestTargetID = D5B7B78D1A3AC2070089D95C;
					};
				};
			};
			buildConfigurationList = D5B7B7891A3AC2070089D95C /* Build configuration list for PBXProject "TableViews" */;
			compatibilityVersion = "Xcode 3.2";
			developmentRegion = English;
			hasScannedForEncodings = 0;
			knownRegions = (
				en,
				Base,
			);
			mainGroup = D5B7B7851A3AC2070089D95C;
			productRefGroup = D5B7B78F1A3AC2070089D95C /* Products */;
			projectDirPath = "";
			projectRoot = "";
			targets = (
				D5B7B78D1A3AC2070089D95C /* TableViews */,
				D5B7B7A51A3AC2070089D95C /* TableViewsTests */,
			);
		};
/* End PBXProject section */

/* Begin PBXResourcesBuildPhase section */
		D5B7B78C1A3AC2070089D95C /* Resources */ = {
			isa = PBXResourcesBuildPhase;
			buildActionMask = 2147483647;
			files = (
				D5B7B79C1A3AC2070089D95C /* Main.storyboard in Resources */,
				D5B7B7A11A3AC2070089D95C /* LaunchScreen.xib in Resources */,
				D5B7B79E1A3AC2070089D95C /* Images.xcassets in Resources */,
			);
			runOnlyForDeploymentPostprocessing = 0;
		};
		D5B7B7A41A3AC2070089D95C /* Resources */ = {
			isa = PBXResourcesBuildPhase;
			buildActionMask = 2147483647;
			files = (
			);
			runOnlyForDeploymentPostprocessing = 0;
		};
/* End PBXResourcesBuildPhase section */

/* Begin PBXSourcesBuildPhase section */
		D5B7B78A1A3AC2070089D95C /* Sources */ = {
			isa = PBXSourcesBuildPhase;
			buildActionMask = 2147483647;
			files = (
				D5B7B7941A3AC2070089D95C /* AppDelegate.swift in Sources */,
				D5B7B7B71A3AC4810089D95C /* TableViewController.swift in Sources */,
				D5B7B7971A3AC2070089D95C /* TableViews.xcdatamodeld in Sources */,
				D5B7B7B91A3ACD730089D95C /* TableViewDetailsViewController.swift in Sources */,
			);
			runOnlyForDeploymentPostprocessing = 0;
		};
		D5B7B7A21A3AC2070089D95C /* Sources */ = {
			isa = PBXSourcesBuildPhase;
			buildActionMask = 2147483647;
			files = (
				D5B7B7AD1A3AC2070089D95C /* TableViewsTests.swift in Sources */,
			);
			runOnlyForDeploymentPostprocessing = 0;
		};
/* End PBXSourcesBuildPhase section */

/* Begin PBXTargetDependency section */
		D5B7B7A81A3AC2070089D95C /* PBXTargetDependency */ = {
			isa = PBXTargetDependency;
			target = D5B7B78D1A3AC2070089D95C /* TableViews */;
			targetProxy = D5B7B7A71A3AC2070089D95C /* PBXContainerItemProxy */;
		};
/* End PBXTargetDependency section */

/* Begin PBXVariantGroup section */
		D5B7B79A1A3AC2070089D95C /* Main.storyboard */ = {
			isa = PBXVariantGroup;
			children = (
				D5B7B79B1A3AC2070089D95C /* Base */,
			);
			name = Main.storyboard;
			sourceTree = "<group>";
		};
		D5B7B79F1A3AC2070089D95C /* LaunchScreen.xib */ = {
			isa = PBXVariantGroup;
			children = (
				D5B7B7A01A3AC2070089D95C /* Base */,
			);
			name = LaunchScreen.xib;
			sourceTree = "<group>";
		};
/* End PBXVariantGroup section */

/* Begin XCBuildConfiguration section */
		D5B7B7AE1A3AC2070089D95C /* Debug */ = {
			isa = XCBuildConfiguration;
			buildSettings = {
				ALWAYS_SEARCH_USER_PATHS = NO;
				CLANG_CXX_LANGUAGE_STANDARD = "gnu++0x";
				CLANG_CXX_LIBRARY = "libc++";
				CLANG_ENABLE_MODULES = YES;
				CLANG_ENABLE_OBJC_ARC = YES;
				CLANG_WARN_BOOL_CONVERSION = YES;
				CLANG_WARN_CONSTANT_CONVERSION = YES;
				CLANG_WARN_DIRECT_OBJC_ISA_USAGE = YES_ERROR;
				CLANG_WARN_EMPTY_BODY = YES;
				CLANG_WARN_ENUM_CONVERSION = YES;
				CLANG_WARN_INT_CONVERSION = YES;
				CLANG_WARN_OBJC_ROOT_CLASS = YES_ERROR;
				CLANG_WARN_UNREACHABLE_CODE = YES;
				CLANG_WARN__DUPLICATE_METHOD_MATCH = YES;
				"CODE_SIGN_IDENTITY[sdk=iphoneos*]" = "iPhone Developer";
				COPY_PHASE_STRIP = NO;
				ENABLE_STRICT_OBJC_MSGSEND = YES;
				GCC_C_LANGUAGE_STANDARD = gnu99;
				GCC_DYNAMIC_NO_PIC = NO;
				GCC_OPTIMIZATION_LEVEL = 0;
				GCC_PREPROCESSOR_DEFINITIONS = (
					"DEBUG=1",
					"$(inherited)",
				);
				GCC_SYMBOLS_PRIVATE_EXTERN = NO;
				GCC_WARN_64_TO_32_BIT_CONVERSION = YES;
				GCC_WARN_ABOUT_RETURN_TYPE = YES_ERROR;
				GCC_WARN_UNDECLARED_SELECTOR = YES;
				GCC_WARN_UNINITIALIZED_AUTOS = YES_AGGRESSIVE;
				GCC_WARN_UNUSED_FUNCTION = YES;
				GCC_WARN_UNUSED_VARIABLE = YES;
				IPHONEOS_DEPLOYMENT_TARGET = 8.1;
				MTL_ENABLE_DEBUG_INFO = YES;
				ONLY_ACTIVE_ARCH = YES;
				SDKROOT = iphoneos;
				SWIFT_OPTIMIZATION_LEVEL = "-Onone";
			};
			name = Debug;
		};
		D5B7B7AF1A3AC2070089D95C /* Release */ = {
			isa = XCBuildConfiguration;
			buildSettings = {
				ALWAYS_SEARCH_USER_PATHS = NO;
				CLANG_CXX_LANGUAGE_STANDARD = "gnu++0x";
				CLANG_CXX_LIBRARY = "libc++";
				CLANG_ENABLE_MODULES = YES;
				CLANG_ENABLE_OBJC_ARC = YES;
				CLANG_WARN_BOOL_CONVERSION = YES;
				CLANG_WARN_CONSTANT_CONVERSION = YES;
				CLANG_WARN_DIRECT_OBJC_ISA_USAGE = YES_ERROR;
				CLANG_WARN_EMPTY_BODY = YES;
				CLANG_WARN_ENUM_CONVERSION = YES;
				CLANG_WARN_INT_CONVERSION = YES;
				CLANG_WARN_OBJC_ROOT_CLASS = YES_ERROR;
				CLANG_WARN_UNREACHABLE_CODE = YES;
				CLANG_WARN__DUPLICATE_METHOD_MATCH = YES;
				"CODE_SIGN_IDENTITY[sdk=iphoneos*]" = "iPhone Developer";
				COPY_PHASE_STRIP = YES;
				ENABLE_NS_ASSERTIONS = NO;
				ENABLE_STRICT_OBJC_MSGSEND = YES;
				GCC_C_LANGUAGE_STANDARD = gnu99;
				GCC_WARN_64_TO_32_BIT_CONVERSION = YES;
				GCC_WARN_ABOUT_RETURN_TYPE = YES_ERROR;
				GCC_WARN_UNDECLARED_SELECTOR = YES;
				GCC_WARN_UNINITIALIZED_AUTOS = YES_AGGRESSIVE;
				GCC_WARN_UNUSED_FUNCTION = YES;
				GCC_WARN_UNUSED_VARIABLE = YES;
				IPHONEOS_DEPLOYMENT_TARGET = 8.1;
				MTL_ENABLE_DEBUG_INFO = NO;
				SDKROOT = iphoneos;
				VALIDATE_PRODUCT = YES;
			};
			name = Release;
		};
		D5B7B7B11A3AC2070089D95C /* Debug */ = {
			isa = XCBuildConfiguration;
			buildSettings = {
				ASSETCATALOG_COMPILER_APPICON_NAME = AppIcon;
				INFOPLIST_FILE = TableViews/Info.plist;
				LD_RUNPATH_SEARCH_PATHS = "$(inherited) @executable_path/Frameworks";
				PRODUCT_NAME = "$(TARGET_NAME)";
			};
			name = Debug;
		};
		D5B7B7B21A3AC2070089D95C /* Release */ = {
			isa = XCBuildConfiguration;
			buildSettings = {
				ASSETCATALOG_COMPILER_APPICON_NAME = AppIcon;
				INFOPLIST_FILE = TableViews/Info.plist;
				LD_RUNPATH_SEARCH_PATHS = "$(inherited) @executable_path/Frameworks";
				PRODUCT_NAME = "$(TARGET_NAME)";
			};
			name = Release;
		};
		D5B7B7B41A3AC2070089D95C /* Debug */ = {
			isa = XCBuildConfiguration;
			buildSettings = {
				BUNDLE_LOADER = "$(TEST_HOST)";
				FRAMEWORK_SEARCH_PATHS = (
					"$(SDKROOT)/Developer/Library/Frameworks",
					"$(inherited)",
				);
				GCC_PREPROCESSOR_DEFINITIONS = (
					"DEBUG=1",
					"$(inherited)",
				);
				INFOPLIST_FILE = TableViewsTests/Info.plist;
				LD_RUNPATH_SEARCH_PATHS = "$(inherited) @executable_path/Frameworks @loader_path/Frameworks";
				PRODUCT_NAME = "$(TARGET_NAME)";
				TEST_HOST = "$(BUILT_PRODUCTS_DIR)/TableViews.app/TableViews";
			};
			name = Debug;
		};
		D5B7B7B51A3AC2070089D95C /* Release */ = {
			isa = XCBuildConfiguration;
			buildSettings = {
				BUNDLE_LOADER = "$(TEST_HOST)";
				FRAMEWORK_SEARCH_PATHS = (
					"$(SDKROOT)/Developer/Library/Frameworks",
					"$(inherited)",
				);
				INFOPLIST_FILE = TableViewsTests/Info.plist;
				LD_RUNPATH_SEARCH_PATHS = "$(inherited) @executable_path/Frameworks @loader_path/Frameworks";
				PRODUCT_NAME = "$(TARGET_NAME)";
				TEST_HOST = "$(BUILT_PRODUCTS_DIR)/TableViews.app/TableViews";
			};
			name = Release;
		};
/* End XCBuildConfiguration section */

/* Begin XCConfigurationList section */
		D5B7B7891A3AC2070089D95C /* Build configuration list for PBXProject "TableViews" */ = {
			isa = XCConfigurationList;
			buildConfigurations = (
				D5B7B7AE1A3AC2070089D95C /* Debug */,
				D5B7B7AF1A3AC2070089D95C /* Release */,
			);
			defaultConfigurationIsVisible = 0;
			defaultConfigurationName = Release;
		};
		D5B7B7B01A3AC2070089D95C /* Build configuration list for PBXNativeTarget "TableViews" */ = {
			isa = XCConfigurationList;
			buildConfigurations = (
				D5B7B7B11A3AC2070089D95C /* Debug */,
				D5B7B7B21A3AC2070089D95C /* Release */,
			);
			defaultConfigurationIsVisible = 0;
		};
		D5B7B7B31A3AC2070089D95C /* Build configuration list for PBXNativeTarget "TableViewsTests" */ = {
			isa = XCConfigurationList;
			buildConfigurations = (
				D5B7B7B41A3AC2070089D95C /* Debug */,
				D5B7B7B51A3AC2070089D95C /* Release */,
			);
			defaultConfigurationIsVisible = 0;
		};
/* End XCConfigurationList section */

/* Begin XCVersionGroup section */
		D5B7B7951A3AC2070089D95C /* TableViews.xcdatamodeld */ = {
			isa = XCVersionGroup;
			children = (
				D5B7B7961A3AC2070089D95C /* TableViews.xcdatamodel */,
			);
			currentVersion = D5B7B7961A3AC2070089D95C /* TableViews.xcdatamodel */;
			path = TableViews.xcdatamodeld;
			sourceTree = "<group>";
			versionGroupType = wrapper.xcdatamodel;
		};
/* End XCVersionGroup section */
	};
	rootObject = D5B7B7861A3AC2070089D95C /* Project object */;
}
